
Microsoft Visual Studio Solution File, Format Version 12.00
# Visual Studio Version 17
VisualStudioVersion = 17.1.32328.378
MinimumVisualStudioVersion = 10.0.40219.1
Project("{FAE04EC0-301F-11D3-BF4B-00C04F79EFBC}") = "LearningFucker", "LearningFucker\LearningFucker.csproj", "{4CC9AA6E-C9CF-4FF6-B088-45C1C863AD42}"
EndProject
Project("{9A19103F-16F7-4668-BE54-9A1E7A4F7556}") = "LearningFucker.Core", "LearningFucker.Core\LearningFucker.Core.csproj", "{87572F50-B55F-4F8D-9C9D-157686CFEBC4}"
EndProject
Project("{9A19103F-16F7-4668-BE54-9A1E7A4F7556}") = "LearningFucker.Console", "LearningFucker.Console\LearningFucker.Console.csproj", "{C03F942B-3FEE-4769-9CD7-C6475DD3A27F}"
EndProject
Project("{9A19103F-16F7-4668-BE54-9A1E7A4F7556}") = "QuestionLibrary", "QuestionLibrary\QuestionLibrary.csproj", "{799FEA7D-EA24-4539-89B6-55AE738C26E1}"
EndProject
Project("{9A19103F-16F7-4668-BE54-9A1E7A4F7556}") = "TestProject1", "TestProject1\TestProject1.csproj", "{09B549C9-98C8-4EE3-B85F-2A751A8221C8}"
EndProject
Global
	GlobalSection(SolutionConfigurationPlatforms) = preSolution
		Debug|Any CPU = Debug|Any CPU
		Release|Any CPU = Release|Any CPU
	EndGlobalSection
	GlobalSection(ProjectConfigurationPlatforms) = postSolution
		{4CC9AA6E-C9CF-4FF6-B088-45C1C863AD42}.Debug|Any CPU.ActiveCfg = Debug|Any CPU
		{4CC9AA6E-C9CF-4FF6-B088-45C1C863AD42}.Debug|Any CPU.Build.0 = Debug|Any CPU
		{4CC9AA6E-C9CF-4FF6-B088-45C1C863AD42}.Release|Any CPU.ActiveCfg = Release|Any CPU
		{4CC9AA6E-C9CF-4FF6-B088-45C1C863AD42}.Release|Any CPU.Build.0 = Release|Any CPU
		{87572F50-B55F-4F8D-9C9D-157686CFEBC4}.Debug|Any CPU.ActiveCfg = Debug|Any CPU
		{87572F50-B55F-4F8D-9C9D-157686CFEBC4}.Debug|Any CPU.Build.0 = Debug|Any CPU
		{87572F50-B55F-4F8D-9C9D-157686CFEBC4}.Release|Any CPU.ActiveCfg = Release|Any CPU
		{87572F50-B55F-4F8D-9C9D-157686CFEBC4}.Release|Any CPU.Build.0 = Release|Any CPU
		{C03F942B-3FEE-4769-9CD7-C6475DD3A27F}.Debug|Any CPU.ActiveCfg = Debug|Any CPU
		{C03F942B-3FEE-4769-9CD7-C6475DD3A27F}.Debug|Any CPU.Build.0 = Debug|Any CPU
		{C03F942B-3FEE-4769-9CD7-C6475DD3A27F}.Release|Any CPU.ActiveCfg = Release|Any CPU
		{C03F942B-3FEE-4769-9CD7-C6475DD3A27F}.Release|Any CPU.Build.0 = Release|Any CPU
		{799FEA7D-EA24-4539-89B6-55AE738C26E1}.Debug|Any CPU.ActiveCfg = Debug|Any CPU
		{799FEA7D-EA24-4539-89B6-55AE738C26E1}.Debug|Any CPU.Build.0 = Debug|Any CPU
		{799FEA7D-EA24-4539-89B6-55AE738C26E1}.Release|Any CPU.ActiveCfg = Release|Any CPU
		{799FEA7D-EA24-4539-89B6-55AE738C26E1}.Release|Any CPU.Build.0 = Release|Any CPU
		{09B549C9-98C8-4EE3-B85F-2A751A8221C8}.Debug|Any CPU.ActiveCfg = Debug|Any CPU
		{09B549C9-98C8-4EE3-B85F-2A751A8221C8}.Debug|Any CPU.Build.0 = Debug|Any CPU
		{09B549C9-98C8-4EE3-B85F-2A751A8221C8}.Release|Any CPU.ActiveCfg = Release|Any CPU
		{09B549C9-98C8-4EE3-B85F-2A751A8221C8}.Release|Any CPU.Build.0 = Release|Any CPU
	EndGlobalSection
	GlobalSection(SolutionProperties) = preSolution
		HideSolutionNode = FALSE
	EndGlobalSection
	GlobalSection(ExtensibilityGlobals) = postSolution
		SolutionGuid = {E895ED2E-63E0-443C-BBF8-5D34ED6F13A8}
	EndGlobalSection
EndGlobal
